
Microsoft Visual Studio Solution File, Format Version 12.00
# Visual Studio 2013
VisualStudioVersion = 12.0.31101.0
MinimumVisualStudioVersion = 10.0.40219.1
Project("{FAE04EC0-301F-11D3-BF4B-00C04F79EFBC}") = "TestDelegate", "TestDelegate\TestDelegate.csproj", "{5542C44B-D340-474B-A51C-20A998019736}"
EndProject
Project("{FAE04EC0-301F-11D3-BF4B-00C04F79EFBC}") = "TestBitWise", "TestBitWise\TestBitWise.csproj", "{845F7190-85EE-440C-93D3-C51269BDE90A}"
EndProject
Project("{FAE04EC0-301F-11D3-BF4B-00C04F79EFBC}") = "TestAutoMapper", "TestAutoMapper\TestAutoMapper.csproj", "{009D86F4-50C3-4C31-A783-3226F6D951AA}"
EndProject
Project("{FAE04EC0-301F-11D3-BF4B-00C04F79EFBC}") = "TestRefOut", "TestRefOut\TestRefOut.csproj", "{91BBD906-C2D5-42A8-97CF-06AAA402B20E}"
EndProject
Project("{FAE04EC0-301F-11D3-BF4B-00C04F79EFBC}") = "TestHidingMethod", "TestHidingMethod\TestHidingMethod.csproj", "{1387EAD0-490F-4CED-A45B-F4677726591A}"
EndProject
Global
	GlobalSection(SolutionConfigurationPlatforms) = preSolution
		Debug|Any CPU = Debug|Any CPU
		Release|Any CPU = Release|Any CPU
	EndGlobalSection
	GlobalSection(ProjectConfigurationPlatforms) = postSolution
		{5542C44B-D340-474B-A51C-20A998019736}.Debug|Any CPU.ActiveCfg = Debug|Any CPU
		{5542C44B-D340-474B-A51C-20A998019736}.Debug|Any CPU.Build.0 = Debug|Any CPU
		{5542C44B-D340-474B-A51C-20A998019736}.Release|Any CPU.ActiveCfg = Release|Any CPU
		{5542C44B-D340-474B-A51C-20A998019736}.Release|Any CPU.Build.0 = Release|Any CPU
		{845F7190-85EE-440C-93D3-C51269BDE90A}.Debug|Any CPU.ActiveCfg = Debug|Any CPU
		{845F7190-85EE-440C-93D3-C51269BDE90A}.Debug|Any CPU.Build.0 = Debug|Any CPU
		{845F7190-85EE-440C-93D3-C51269BDE90A}.Release|Any CPU.ActiveCfg = Release|Any CPU
		{845F7190-85EE-440C-93D3-C51269BDE90A}.Release|Any CPU.Build.0 = Release|Any CPU
		{009D86F4-50C3-4C31-A783-3226F6D951AA}.Debug|Any CPU.ActiveCfg = Debug|Any CPU
		{009D86F4-50C3-4C31-A783-3226F6D951AA}.Debug|Any CPU.Build.0 = Debug|Any CPU
		{009D86F4-50C3-4C31-A783-3226F6D951AA}.Release|Any CPU.ActiveCfg = Release|Any CPU
		{009D86F4-50C3-4C31-A783-3226F6D951AA}.Release|Any CPU.Build.0 = Release|Any CPU
		{91BBD906-C2D5-42A8-97CF-06AAA402B20E}.Debug|Any CPU.ActiveCfg = Debug|Any CPU
		{91BBD906-C2D5-42A8-97CF-06AAA402B20E}.Debug|Any CPU.Build.0 = Debug|Any CPU
		{91BBD906-C2D5-42A8-97CF-06AAA402B20E}.Release|Any CPU.ActiveCfg = Release|Any CPU
		{91BBD906-C2D5-42A8-97CF-06AAA402B20E}.Release|Any CPU.Build.0 = Release|Any CPU
		{1387EAD0-490F-4CED-A45B-F4677726591A}.Debug|Any CPU.ActiveCfg = Debug|Any CPU
		{1387EAD0-490F-4CED-A45B-F4677726591A}.Debug|Any CPU.Build.0 = Debug|Any CPU
		{1387EAD0-490F-4CED-A45B-F4677726591A}.Release|Any CPU.ActiveCfg = Release|Any CPU
		{1387EAD0-490F-4CED-A45B-F4677726591A}.Release|Any CPU.Build.0 = Release|Any CPU
	EndGlobalSection
	GlobalSection(SolutionProperties) = preSolution
		HideSolutionNode = FALSE
	EndGlobalSection
EndGlobal
